
Microsoft Visual Studio Solution File, Format Version 12.00
# Visual Studio 2012
Project("{FAE04EC0-301F-11D3-BF4B-00C04F79EFBC}") = "OsuMissAnalyzer", "OsuMissAnalyzer\OsuMissAnalyzer.csproj", "{93419898-7E68-4D72-9C6C-713406723C29}"
EndProject
Project("{2150E333-8FDC-42A3-9474-1A3956D46DE8}") = "Solution Items", "Solution Items", "{A72B1A3E-C572-44CA-8DFB-F11860BC9FA4}"
	ProjectSection(SolutionItems) = preProject
		README.md = README.md
	EndProjectSection
EndProject
Global
	GlobalSection(SolutionConfigurationPlatforms) = preSolution
		Debug|x86 = Debug|x86
		Release|x86 = Release|x86
	EndGlobalSection
	GlobalSection(ProjectConfigurationPlatforms) = postSolution
		{93419898-7E68-4D72-9C6C-713406723C29}.Debug|x86.ActiveCfg = Debug|x86
		{93419898-7E68-4D72-9C6C-713406723C29}.Debug|x86.Build.0 = Debug|x86
		{93419898-7E68-4D72-9C6C-713406723C29}.Release|x86.ActiveCfg = Release|x86
		{93419898-7E68-4D72-9C6C-713406723C29}.Release|x86.Build.0 = Release|x86
	EndGlobalSection
EndGlobal
